
Microsoft Visual Studio Solution File, Format Version 12.00
# Visual Studio Version 16
VisualStudioVersion = 16.0.29920.165
MinimumVisualStudioVersion = 10.0.40219.1
Project("{9A19103F-16F7-4668-BE54-9A1E7A4F7556}") = "MqttNetConverter", "MqttNetConverter.csproj", "{5E425096-8B04-4765-9997-465F2737217D}"
EndProject
Global
	GlobalSection(SolutionConfigurationPlatforms) = preSolution
		Debug|Any CPU = Debug|Any CPU
		Release|Any CPU = Release|Any CPU
	EndGlobalSection
	GlobalSection(ProjectConfigurationPlatforms) = postSolution
		{5E425096-8B04-4765-9997-465F2737217D}.Debug|Any CPU.ActiveCfg = Debug|Any CPU
		{5E425096-8B04-4765-9997-465F2737217D}.Debug|Any CPU.Build.0 = Debug|Any CPU
		{5E425096-8B04-4765-9997-465F2737217D}.Release|Any CPU.ActiveCfg = Release|Any CPU
		{5E425096-8B04-4765-9997-465F2737217D}.Release|Any CPU.Build.0 = Release|Any CPU
	EndGlobalSection
	GlobalSection(SolutionProperties) = preSolution
		HideSolutionNode = FALSE
	EndGlobalSection
	GlobalSection(ExtensibilityGlobals) = postSolution
		SolutionGuid = {92FAE7A8-5CF3-4284-8A67-606F1E6DED1B}
	EndGlobalSection
EndGlobal
